
Microsoft Visual Studio Solution File, Format Version 12.00
# Visual Studio Version 16
VisualStudioVersion = 16.0.31313.79
MinimumVisualStudioVersion = 10.0.40219.1
Project("{9A19103F-16F7-4668-BE54-9A1E7A4F7556}") = "BapBlazor", "BapBlazor.csproj", "{A6B2B4B2-B9DF-4B63-9CFC-7182BA5135AB}"
EndProject
Global
	GlobalSection(SolutionConfigurationPlatforms) = preSolution
		Debug|Any CPU = Debug|Any CPU
		Release|Any CPU = Release|Any CPU
	EndGlobalSection
	GlobalSection(ProjectConfigurationPlatforms) = postSolution
		{A6B2B4B2-B9DF-4B63-9CFC-7182BA5135AB}.Debug|Any CPU.ActiveCfg = Debug|Any CPU
		{A6B2B4B2-B9DF-4B63-9CFC-7182BA5135AB}.Debug|Any CPU.Build.0 = Debug|Any CPU
		{A6B2B4B2-B9DF-4B63-9CFC-7182BA5135AB}.Release|Any CPU.ActiveCfg = Release|Any CPU
		{A6B2B4B2-B9DF-4B63-9CFC-7182BA5135AB}.Release|Any CPU.Build.0 = Release|Any CPU
	EndGlobalSection
	GlobalSection(SolutionProperties) = preSolution
		HideSolutionNode = FALSE
	EndGlobalSection
	GlobalSection(ExtensibilityGlobals) = postSolution
		SolutionGuid = {243F93EB-638B-4645-8B10-37D7BE6CB15E}
	EndGlobalSection
EndGlobal
